
Microsoft Visual Studio Solution File, Format Version 12.00
# Visual Studio Version 17
VisualStudioVersion = 17.12.35323.107
MinimumVisualStudioVersion = 10.0.40219.1
Project("{FAE04EC0-301F-11D3-BF4B-00C04F79EFBC}") = "QLSinhVien", "QLSinhVien\QLSinhVien.csproj", "{3A640924-C1ED-4021-BD1F-53756DD3ECDD}"
EndProject
Global
	GlobalSection(SolutionConfigurationPlatforms) = preSolution
		Debug|Any CPU = Debug|Any CPU
		Release|Any CPU = Release|Any CPU
	EndGlobalSection
	GlobalSection(ProjectConfigurationPlatforms) = postSolution
		{3A640924-C1ED-4021-BD1F-53756DD3ECDD}.Debug|Any CPU.ActiveCfg = Debug|Any CPU
		{3A640924-C1ED-4021-BD1F-53756DD3ECDD}.Debug|Any CPU.Build.0 = Debug|Any CPU
		{3A640924-C1ED-4021-BD1F-53756DD3ECDD}.Release|Any CPU.ActiveCfg = Release|Any CPU
		{3A640924-C1ED-4021-BD1F-53756DD3ECDD}.Release|Any CPU.Build.0 = Release|Any CPU
	EndGlobalSection
	GlobalSection(SolutionProperties) = preSolution
		HideSolutionNode = FALSE
	EndGlobalSection
	GlobalSection(ExtensibilityGlobals) = postSolution
		SolutionGuid = {4D848284-0F9D-4A3C-9F32-6CCA28ED7945}
	EndGlobalSection
EndGlobal
